// !$*UTF8*$!
{
	archiveVersion = 1;
	classes = {
	};
	objectVersion = 55;
	objects = {

/* Begin PBXBuildFile section */
		7308EB5528A7F37E0022139C /* UIVC+Utils.swift in Sources */ = {isa = PBXBuildFile; fileRef = 7308EB5428A7F37E0022139C /* UIVC+Utils.swift */; };
		7308EB5728A7F4640022139C /* MainVC.swift in Sources */ = {isa = PBXBuildFile; fileRef = 7308EB5628A7F4640022139C /* MainVC.swift */; };
		7308EB5A28A800980022139C /* AccountSummaryVC.swift in Sources */ = {isa = PBXBuildFile; fileRef = 7308EB5928A800980022139C /* AccountSummaryVC.swift */; };
		7308EB5C28A8055A0022139C /* AccountSummaryHeaderView.swift in Sources */ = {isa = PBXBuildFile; fileRef = 7308EB5B28A8055A0022139C /* AccountSummaryHeaderView.swift */; };
		7308EB5E28A805A60022139C /* AccountSummaryHeaderView.xib in Resources */ = {isa = PBXBuildFile; fileRef = 7308EB5D28A805A60022139C /* AccountSummaryHeaderView.xib */; };
		7316DD80289DE4280097417E /* OnboardingContainerVC.swift in Sources */ = {isa = PBXBuildFile; fileRef = 7316DD7F289DE4280097417E /* OnboardingContainerVC.swift */; };
		7316DD82289DEDCE0097417E /* OnboardingView.swift in Sources */ = {isa = PBXBuildFile; fileRef = 7316DD81289DEDCE0097417E /* OnboardingView.swift */; };
		7332BCE928AEB59900CBDE60 /* AccountSummaryCell.swift in Sources */ = {isa = PBXBuildFile; fileRef = 7332BCE828AEB59900CBDE60 /* AccountSummaryCell.swift */; };
		736C18B028725FFD00963834 /* AppDelegate.swift in Sources */ = {isa = PBXBuildFile; fileRef = 736C18AF28725FFD00963834 /* AppDelegate.swift */; };
		736C18B428725FFD00963834 /* LoginVC.swift in Sources */ = {isa = PBXBuildFile; fileRef = 736C18B328725FFD00963834 /* LoginVC.swift */; };
		736C18B928725FFE00963834 /* Assets.xcassets in Resources */ = {isa = PBXBuildFile; fileRef = 736C18B828725FFE00963834 /* Assets.xcassets */; };
		736C18BC28725FFE00963834 /* LaunchScreen.storyboard in Resources */ = {isa = PBXBuildFile; fileRef = 736C18BA28725FFE00963834 /* LaunchScreen.storyboard */; };
		736C18C6287267C900963834 /* LoginView.swift in Sources */ = {isa = PBXBuildFile; fileRef = 736C18C5287267C900963834 /* LoginView.swift */; };
		73FBFFC2289F20730072AED1 /* DummyVC.swift in Sources */ = {isa = PBXBuildFile; fileRef = 73FBFFC1289F20730072AED1 /* DummyVC.swift */; };
		73FBFFC5289F2A7A0072AED1 /* LocalState.swift in Sources */ = {isa = PBXBuildFile; fileRef = 73FBFFC4289F2A7A0072AED1 /* LocalState.swift */; };
/* End PBXBuildFile section */

/* Begin PBXFileReference section */
		7308EB5428A7F37E0022139C /* UIVC+Utils.swift */ = {isa = PBXFileReference; lastKnownFileType = sourcecode.swift; path = "UIVC+Utils.swift"; sourceTree = "<group>"; };
		7308EB5628A7F4640022139C /* MainVC.swift */ = {isa = PBXFileReference; lastKnownFileType = sourcecode.swift; path = MainVC.swift; sourceTree = "<group>"; };
		7308EB5928A800980022139C /* AccountSummaryVC.swift */ = {isa = PBXFileReference; lastKnownFileType = sourcecode.swift; path = AccountSummaryVC.swift; sourceTree = "<group>"; };
		7308EB5B28A8055A0022139C /* AccountSummaryHeaderView.swift */ = {isa = PBXFileReference; lastKnownFileType = sourcecode.swift; path = AccountSummaryHeaderView.swift; sourceTree = "<group>"; };
		7308EB5D28A805A60022139C /* AccountSummaryHeaderView.xib */ = {isa = PBXFileReference; lastKnownFileType = file.xib; path = AccountSummaryHeaderView.xib; sourceTree = "<group>"; };
		7316DD7F289DE4280097417E /* OnboardingContainerVC.swift */ = {isa = PBXFileReference; lastKnownFileType = sourcecode.swift; path = OnboardingContainerVC.swift; sourceTree = "<group>"; };
		7316DD81289DEDCE0097417E /* OnboardingView.swift */ = {isa = PBXFileReference; lastKnownFileType = sourcecode.swift; path = OnboardingView.swift; sourceTree = "<group>"; };
		7332BCE828AEB59900CBDE60 /* AccountSummaryCell.swift */ = {isa = PBXFileReference; lastKnownFileType = sourcecode.swift; path = AccountSummaryCell.swift; sourceTree = "<group>"; };
		736C18AC28725FFD00963834 /* Bankey.app */ = {isa = PBXFileReference; explicitFileType = wrapper.application; includeInIndex = 0; path = Bankey.app; sourceTree = BUILT_PRODUCTS_DIR; };
		736C18AF28725FFD00963834 /* AppDelegate.swift */ = {isa = PBXFileReference; lastKnownFileType = sourcecode.swift; path = AppDelegate.swift; sourceTree = "<group>"; };
		736C18B328725FFD00963834 /* LoginVC.swift */ = {isa = PBXFileReference; lastKnownFileType = sourcecode.swift; path = LoginVC.swift; sourceTree = "<group>"; };
		736C18B828725FFE00963834 /* Assets.xcassets */ = {isa = PBXFileReference; lastKnownFileType = folder.assetcatalog; path = Assets.xcassets; sourceTree = "<group>"; };
		736C18BB28725FFE00963834 /* Base */ = {isa = PBXFileReference; lastKnownFileType = file.storyboard; name = Base; path = Base.lproj/LaunchScreen.storyboard; sourceTree = "<group>"; };
		736C18BD28725FFE00963834 /* Info.plist */ = {isa = PBXFileReference; lastKnownFileType = text.plist.xml; path = Info.plist; sourceTree = "<group>"; };
		736C18C5287267C900963834 /* LoginView.swift */ = {isa = PBXFileReference; lastKnownFileType = sourcecode.swift; path = LoginView.swift; sourceTree = "<group>"; };
		73FBFFC1289F20730072AED1 /* DummyVC.swift */ = {isa = PBXFileReference; lastKnownFileType = sourcecode.swift; path = DummyVC.swift; sourceTree = "<group>"; };
		73FBFFC4289F2A7A0072AED1 /* LocalState.swift */ = {isa = PBXFileReference; lastKnownFileType = sourcecode.swift; path = LocalState.swift; sourceTree = "<group>"; };
/* End PBXFileReference section */

/* Begin PBXFrameworksBuildPhase section */
		736C18A928725FFD00963834 /* Frameworks */ = {
			isa = PBXFrameworksBuildPhase;
			buildActionMask = 2147483647;
			files = (
			);
			runOnlyForDeploymentPostprocessing = 0;
		};
/* End PBXFrameworksBuildPhase section */

/* Begin PBXGroup section */
		7308EB5828A800740022139C /* AccountSummary */ = {
			isa = PBXGroup;
			children = (
				7308EB5928A800980022139C /* AccountSummaryVC.swift */,
				7332BCE628AEB54C00CBDE60 /* Header */,
				7332BCE728AEB56800CBDE60 /* Cell */,
			);
			path = AccountSummary;
			sourceTree = "<group>";
		};
		7316DD7E289DE3E00097417E /* Onboarding */ = {
			isa = PBXGroup;
			children = (
				7316DD7F289DE4280097417E /* OnboardingContainerVC.swift */,
				7316DD81289DEDCE0097417E /* OnboardingView.swift */,
			);
			path = Onboarding;
			sourceTree = "<group>";
		};
		7332BCE628AEB54C00CBDE60 /* Header */ = {
			isa = PBXGroup;
			children = (
				7308EB5B28A8055A0022139C /* AccountSummaryHeaderView.swift */,
				7308EB5D28A805A60022139C /* AccountSummaryHeaderView.xib */,
			);
			path = Header;
			sourceTree = "<group>";
		};
		7332BCE728AEB56800CBDE60 /* Cell */ = {
			isa = PBXGroup;
			children = (
				7332BCE828AEB59900CBDE60 /* AccountSummaryCell.swift */,
			);
			path = Cell;
			sourceTree = "<group>";
		};
		736C18A328725FFD00963834 = {
			isa = PBXGroup;
			children = (
				736C18AE28725FFD00963834 /* Bankey */,
				736C18AD28725FFD00963834 /* Products */,
			);
			sourceTree = "<group>";
		};
		736C18AD28725FFD00963834 /* Products */ = {
			isa = PBXGroup;
			children = (
				736C18AC28725FFD00963834 /* Bankey.app */,
			);
			name = Products;
			sourceTree = "<group>";
		};
		736C18AE28725FFD00963834 /* Bankey */ = {
			isa = PBXGroup;
			children = (
				736C18AF28725FFD00963834 /* AppDelegate.swift */,
				7308EB5628A7F4640022139C /* MainVC.swift */,
				736C18C42872668800963834 /* Login */,
				7316DD7E289DE3E00097417E /* Onboarding */,
				7308EB5828A800740022139C /* AccountSummary */,
				73FBFFC3289F2A650072AED1 /* Utils */,
				736C18C32872664A00963834 /* Files */,
			);
			path = Bankey;
			sourceTree = "<group>";
		};
		736C18C32872664A00963834 /* Files */ = {
			isa = PBXGroup;
			children = (
				736C18B828725FFE00963834 /* Assets.xcassets */,
				736C18BA28725FFE00963834 /* LaunchScreen.storyboard */,
				736C18BD28725FFE00963834 /* Info.plist */,
			);
			name = Files;
			sourceTree = "<group>";
		};
		736C18C42872668800963834 /* Login */ = {
			isa = PBXGroup;
			children = (
				736C18B328725FFD00963834 /* LoginVC.swift */,
				736C18C5287267C900963834 /* LoginView.swift */,
				73FBFFC1289F20730072AED1 /* DummyVC.swift */,
			);
			path = Login;
			sourceTree = "<group>";
		};
		73FBFFC3289F2A650072AED1 /* Utils */ = {
			isa = PBXGroup;
			children = (
				73FBFFC4289F2A7A0072AED1 /* LocalState.swift */,
				7308EB5428A7F37E0022139C /* UIVC+Utils.swift */,
			);
			path = Utils;
			sourceTree = "<group>";
		};
/* End PBXGroup section */

/* Begin PBXNativeTarget section */
		736C18AB28725FFD00963834 /* Bankey */ = {
			isa = PBXNativeTarget;
			buildConfigurationList = 736C18C028725FFE00963834 /* Build configuration list for PBXNativeTarget "Bankey" */;
			buildPhases = (
				736C18A828725FFD00963834 /* Sources */,
				736C18A928725FFD00963834 /* Frameworks */,
				736C18AA28725FFD00963834 /* Resources */,
			);
			buildRules = (
			);
			dependencies = (
			);
			name = Bankey;
			productName = Bankey;
			productReference = 736C18AC28725FFD00963834 /* Bankey.app */;
			productType = "com.apple.product-type.application";
		};
/* End PBXNativeTarget section */

/* Begin PBXProject section */
		736C18A428725FFD00963834 /* Project object */ = {
			isa = PBXProject;
			attributes = {
				BuildIndependentTargetsInParallel = 1;
				LastSwiftUpdateCheck = 1340;
				LastUpgradeCheck = 1340;
				TargetAttributes = {
					736C18AB28725FFD00963834 = {
						CreatedOnToolsVersion = 13.4.1;
					};
				};
			};
			buildConfigurationList = 736C18A728725FFD00963834 /* Build configuration list for PBXProject "Bankey" */;
			compatibilityVersion = "Xcode 13.0";
			developmentRegion = en;
			hasScannedForEncodings = 0;
			knownRegions = (
				en,
				Base,
			);
			mainGroup = 736C18A328725FFD00963834;
			productRefGroup = 736C18AD28725FFD00963834 /* Products */;
			projectDirPath = "";
			projectRoot = "";
			targets = (
				736C18AB28725FFD00963834 /* Bankey */,
			);
		};
/* End PBXProject section */

/* Begin PBXResourcesBuildPhase section */
		736C18AA28725FFD00963834 /* Resources */ = {
			isa = PBXResourcesBuildPhase;
			buildActionMask = 2147483647;
			files = (
				7308EB5E28A805A60022139C /* AccountSummaryHeaderView.xib in Resources */,
				736C18BC28725FFE00963834 /* LaunchScreen.storyboard in Resources */,
				736C18B928725FFE00963834 /* Assets.xcassets in Resources */,
			);
			runOnlyForDeploymentPostprocessing = 0;
		};
/* End PBXResourcesBuildPhase section */

/* Begin PBXSourcesBuildPhase section */
		736C18A828725FFD00963834 /* Sources */ = {
			isa = PBXSourcesBuildPhase;
			buildActionMask = 2147483647;
			files = (
				736C18C6287267C900963834 /* LoginView.swift in Sources */,
				73FBFFC5289F2A7A0072AED1 /* LocalState.swift in Sources */,
				73FBFFC2289F20730072AED1 /* DummyVC.swift in Sources */,
				7308EB5C28A8055A0022139C /* AccountSummaryHeaderView.swift in Sources */,
				7316DD80289DE4280097417E /* OnboardingContainerVC.swift in Sources */,
				7308EB5728A7F4640022139C /* MainVC.swift in Sources */,
				7332BCE928AEB59900CBDE60 /* AccountSummaryCell.swift in Sources */,
				736C18B428725FFD00963834 /* LoginVC.swift in Sources */,
				7316DD82289DEDCE0097417E /* OnboardingView.swift in Sources */,
				7308EB5528A7F37E0022139C /* UIVC+Utils.swift in Sources */,
				736C18B028725FFD00963834 /* AppDelegate.swift in Sources */,
				7308EB5A28A800980022139C /* AccountSummaryVC.swift in Sources */,
			);
			runOnlyForDeploymentPostprocessing = 0;
		};
/* End PBXSourcesBuildPhase section */

/* Begin PBXVariantGroup section */
		736C18BA28725FFE00963834 /* LaunchScreen.storyboard */ = {
			isa = PBXVariantGroup;
			children = (
				736C18BB28725FFE00963834 /* Base */,
			);
			name = LaunchScreen.storyboard;
			sourceTree = "<group>";
		};
/* End PBXVariantGroup section */

/* Begin XCBuildConfiguration section */
		736C18BE28725FFE00963834 /* Debug */ = {
			isa = XCBuildConfiguration;
			buildSettings = {
				ALWAYS_SEARCH_USER_PATHS = NO;
				CLANG_ANALYZER_NONNULL = YES;
				CLANG_ANALYZER_NUMBER_OBJECT_CONVERSION = YES_AGGRESSIVE;
				CLANG_CXX_LANGUAGE_STANDARD = "gnu++17";
				CLANG_ENABLE_MODULES = YES;
				CLANG_ENABLE_OBJC_ARC = YES;
				CLANG_ENABLE_OBJC_WEAK = YES;
				CLANG_WARN_BLOCK_CAPTURE_AUTORELEASING = YES;
				CLANG_WARN_BOOL_CONVERSION = YES;
				CLANG_WARN_COMMA = YES;
				CLANG_WARN_CONSTANT_CONVERSION = YES;
				CLANG_WARN_DEPRECATED_OBJC_IMPLEMENTATIONS = YES;
				CLANG_WARN_DIRECT_OBJC_ISA_USAGE = YES_ERROR;
				CLANG_WARN_DOCUMENTATION_COMMENTS = YES;
				CLANG_WARN_EMPTY_BODY = YES;
				CLANG_WARN_ENUM_CONVERSION = YES;
				CLANG_WARN_INFINITE_RECURSION = YES;
				CLANG_WARN_INT_CONVERSION = YES;
				CLANG_WARN_NON_LITERAL_NULL_CONVERSION = YES;
				CLANG_WARN_OBJC_IMPLICIT_RETAIN_SELF = YES;
				CLANG_WARN_OBJC_LITERAL_CONVERSION = YES;
				CLANG_WARN_OBJC_ROOT_CLASS = YES_ERROR;
				CLANG_WARN_QUOTED_INCLUDE_IN_FRAMEWORK_HEADER = YES;
				CLANG_WARN_RANGE_LOOP_ANALYSIS = YES;
				CLANG_WARN_STRICT_PROTOTYPES = YES;
				CLANG_WARN_SUSPICIOUS_MOVE = YES;
				CLANG_WARN_UNGUARDED_AVAILABILITY = YES_AGGRESSIVE;
				CLANG_WARN_UNREACHABLE_CODE = YES;
				CLANG_WARN__DUPLICATE_METHOD_MATCH = YES;
				COPY_PHASE_STRIP = NO;
				DEBUG_INFORMATION_FORMAT = dwarf;
				ENABLE_STRICT_OBJC_MSGSEND = YES;
				ENABLE_TESTABILITY = YES;
				GCC_C_LANGUAGE_STANDARD = gnu11;
				GCC_DYNAMIC_NO_PIC = NO;
				GCC_NO_COMMON_BLOCKS = YES;
				GCC_OPTIMIZATION_LEVEL = 0;
				GCC_PREPROCESSOR_DEFINITIONS = (
					"DEBUG=1",
					"$(inherited)",
				);
				GCC_WARN_64_TO_32_BIT_CONVERSION = YES;
				GCC_WARN_ABOUT_RETURN_TYPE = YES_ERROR;
				GCC_WARN_UNDECLARED_SELECTOR = YES;
				GCC_WARN_UNINITIALIZED_AUTOS = YES_AGGRESSIVE;
				GCC_WARN_UNUSED_FUNCTION = YES;
				GCC_WARN_UNUSED_VARIABLE = YES;
				IPHONEOS_DEPLOYMENT_TARGET = 15.5;
				MTL_ENABLE_DEBUG_INFO = INCLUDE_SOURCE;
				MTL_FAST_MATH = YES;
				ONLY_ACTIVE_ARCH = YES;
				SDKROOT = iphoneos;
				SWIFT_ACTIVE_COMPILATION_CONDITIONS = DEBUG;
				SWIFT_OPTIMIZATION_LEVEL = "-Onone";
			};
			name = Debug;
		};
		736C18BF28725FFE00963834 /* Release */ = {
			isa = XCBuildConfiguration;
			buildSettings = {
				ALWAYS_SEARCH_USER_PATHS = NO;
				CLANG_ANALYZER_NONNULL = YES;
				CLANG_ANALYZER_NUMBER_OBJECT_CONVERSION = YES_AGGRESSIVE;
				CLANG_CXX_LANGUAGE_STANDARD = "gnu++17";
				CLANG_ENABLE_MODULES = YES;
				CLANG_ENABLE_OBJC_ARC = YES;
				CLANG_ENABLE_OBJC_WEAK = YES;
				CLANG_WARN_BLOCK_CAPTURE_AUTORELEASING = YES;
				CLANG_WARN_BOOL_CONVERSION = YES;
				CLANG_WARN_COMMA = YES;
				CLANG_WARN_CONSTANT_CONVERSION = YES;
				CLANG_WARN_DEPRECATED_OBJC_IMPLEMENTATIONS = YES;
				CLANG_WARN_DIRECT_OBJC_ISA_USAGE = YES_ERROR;
				CLANG_WARN_DOCUMENTATION_COMMENTS = YES;
				CLANG_WARN_EMPTY_BODY = YES;
				CLANG_WARN_ENUM_CONVERSION = YES;
				CLANG_WARN_INFINITE_RECURSION = YES;
				CLANG_WARN_INT_CONVERSION = YES;
				CLANG_WARN_NON_LITERAL_NULL_CONVERSION = YES;
				CLANG_WARN_OBJC_IMPLICIT_RETAIN_SELF = YES;
				CLANG_WARN_OBJC_LITERAL_CONVERSION = YES;
				CLANG_WARN_OBJC_ROOT_CLASS = YES_ERROR;
				CLANG_WARN_QUOTED_INCLUDE_IN_FRAMEWORK_HEADER = YES;
				CLANG_WARN_RANGE_LOOP_ANALYSIS = YES;
				CLANG_WARN_STRICT_PROTOTYPES = YES;
				CLANG_WARN_SUSPICIOUS_MOVE = YES;
				CLANG_WARN_UNGUARDED_AVAILABILITY = YES_AGGRESSIVE;
				CLANG_WARN_UNREACHABLE_CODE = YES;
				CLANG_WARN__DUPLICATE_METHOD_MATCH = YES;
				COPY_PHASE_STRIP = NO;
				DEBUG_INFORMATION_FORMAT = "dwarf-with-dsym";
				ENABLE_NS_ASSERTIONS = NO;
				ENABLE_STRICT_OBJC_MSGSEND = YES;
				GCC_C_LANGUAGE_STANDARD = gnu11;
				GCC_NO_COMMON_BLOCKS = YES;
				GCC_WARN_64_TO_32_BIT_CONVERSION = YES;
				GCC_WARN_ABOUT_RETURN_TYPE = YES_ERROR;
				GCC_WARN_UNDECLARED_SELECTOR = YES;
				GCC_WARN_UNINITIALIZED_AUTOS = YES_AGGRESSIVE;
				GCC_WARN_UNUSED_FUNCTION = YES;
				GCC_WARN_UNUSED_VARIABLE = YES;
				IPHONEOS_DEPLOYMENT_TARGET = 15.5;
				MTL_ENABLE_DEBUG_INFO = NO;
				MTL_FAST_MATH = YES;
				SDKROOT = iphoneos;
				SWIFT_COMPILATION_MODE = wholemodule;
				SWIFT_OPTIMIZATION_LEVEL = "-O";
				VALIDATE_PRODUCT = YES;
			};
			name = Release;
		};
		736C18C128725FFE00963834 /* Debug */ = {
			isa = XCBuildConfiguration;
			buildSettings = {
				ASSETCATALOG_COMPILER_APPICON_NAME = AppIcon;
				ASSETCATALOG_COMPILER_GLOBAL_ACCENT_COLOR_NAME = AccentColor;
				CODE_SIGN_STYLE = Automatic;
				CURRENT_PROJECT_VERSION = 1;
				DEVELOPMENT_TEAM = LBM5YFV4LP;
				GENERATE_INFOPLIST_FILE = YES;
				INFOPLIST_FILE = Bankey/Info.plist;
				INFOPLIST_KEY_UIApplicationSupportsIndirectInputEvents = YES;
				INFOPLIST_KEY_UILaunchStoryboardName = LaunchScreen;
				INFOPLIST_KEY_UISupportedInterfaceOrientations_iPad = "UIInterfaceOrientationPortrait UIInterfaceOrientationPortraitUpsideDown UIInterfaceOrientationLandscapeLeft UIInterfaceOrientationLandscapeRight";
				INFOPLIST_KEY_UISupportedInterfaceOrientations_iPhone = "UIInterfaceOrientationPortrait UIInterfaceOrientationLandscapeLeft UIInterfaceOrientationLandscapeRight";
				LD_RUNPATH_SEARCH_PATHS = (
					"$(inherited)",
					"@executable_path/Frameworks",
				);
				MARKETING_VERSION = 1.0;
				PRODUCT_BUNDLE_IDENTIFIER = com.Mahameed.Bankey;
				PRODUCT_NAME = "$(TARGET_NAME)";
				SWIFT_EMIT_LOC_STRINGS = YES;
				SWIFT_VERSION = 5.0;
				TARGETED_DEVICE_FAMILY = "1,2";
			};
			name = Debug;
		};
		736C18C228725FFE00963834 /* Release */ = {
			isa = XCBuildConfiguration;
			buildSettings = {
				ASSETCATALOG_COMPILER_APPICON_NAME = AppIcon;
				ASSETCATALOG_COMPILER_GLOBAL_ACCENT_COLOR_NAME = AccentColor;
				CODE_SIGN_STYLE = Automatic;
				CURRENT_PROJECT_VERSION = 1;
				DEVELOPMENT_TEAM = LBM5YFV4LP;
				GENERATE_INFOPLIST_FILE = YES;
				INFOPLIST_FILE = Bankey/Info.plist;
				INFOPLIST_KEY_UIApplicationSupportsIndirectInputEvents = YES;
				INFOPLIST_KEY_UILaunchStoryboardName = LaunchScreen;
				INFOPLIST_KEY_UISupportedInterfaceOrientations_iPad = "UIInterfaceOrientationPortrait UIInterfaceOrientationPortraitUpsideDown UIInterfaceOrientationLandscapeLeft UIInterfaceOrientationLandscapeRight";
				INFOPLIST_KEY_UISupportedInterfaceOrientations_iPhone = "UIInterfaceOrientationPortrait UIInterfaceOrientationLandscapeLeft UIInterfaceOrientationLandscapeRight";
				LD_RUNPATH_SEARCH_PATHS = (
					"$(inherited)",
					"@executable_path/Frameworks",
				);
				MARKETING_VERSION = 1.0;
				PRODUCT_BUNDLE_IDENTIFIER = com.Mahameed.Bankey;
				PRODUCT_NAME = "$(TARGET_NAME)";
				SWIFT_EMIT_LOC_STRINGS = YES;
				SWIFT_VERSION = 5.0;
				TARGETED_DEVICE_FAMILY = "1,2";
			};
			name = Release;
		};
/* End XCBuildConfiguration section */

/* Begin XCConfigurationList section */
		736C18A728725FFD00963834 /* Build configuration list for PBXProject "Bankey" */ = {
			isa = XCConfigurationList;
			buildConfigurations = (
				736C18BE28725FFE00963834 /* Debug */,
				736C18BF28725FFE00963834 /* Release */,
			);
			defaultConfigurationIsVisible = 0;
			defaultConfigurationName = Release;
		};
		736C18C028725FFE00963834 /* Build configuration list for PBXNativeTarget "Bankey" */ = {
			isa = XCConfigurationList;
			buildConfigurations = (
				736C18C128725FFE00963834 /* Debug */,
				736C18C228725FFE00963834 /* Release */,
			);
			defaultConfigurationIsVisible = 0;
			defaultConfigurationName = Release;
		};
/* End XCConfigurationList section */
	};
	rootObject = 736C18A428725FFD00963834 /* Project object */;
}
